
Microsoft Visual Studio Solution File, Format Version 12.00
# Visual Studio Version 17
VisualStudioVersion = 17.4.33213.308
MinimumVisualStudioVersion = 10.0.40219.1
Project("{FAE04EC0-301F-11D3-BF4B-00C04F79EFBC}") = "Csharptesting140223", "Csharptesting140223\Csharptesting140223.csproj", "{BB26CD0C-550E-42BC-96FA-A6C12644E8F7}"
EndProject
Global
	GlobalSection(SolutionConfigurationPlatforms) = preSolution
		Debug|Any CPU = Debug|Any CPU
		Release|Any CPU = Release|Any CPU
	EndGlobalSection
	GlobalSection(ProjectConfigurationPlatforms) = postSolution
		{BB26CD0C-550E-42BC-96FA-A6C12644E8F7}.Debug|Any CPU.ActiveCfg = Debug|Any CPU
		{BB26CD0C-550E-42BC-96FA-A6C12644E8F7}.Debug|Any CPU.Build.0 = Debug|Any CPU
		{BB26CD0C-550E-42BC-96FA-A6C12644E8F7}.Release|Any CPU.ActiveCfg = Release|Any CPU
		{BB26CD0C-550E-42BC-96FA-A6C12644E8F7}.Release|Any CPU.Build.0 = Release|Any CPU
	EndGlobalSection
	GlobalSection(SolutionProperties) = preSolution
		HideSolutionNode = FALSE
	EndGlobalSection
	GlobalSection(ExtensibilityGlobals) = postSolution
		SolutionGuid = {714C8D35-8B7B-4369-87EA-E3078DDCE1A3}
	EndGlobalSection
EndGlobal
